
Microsoft Visual Studio Solution File, Format Version 12.00
# Visual Studio Version 17
VisualStudioVersion = 17.0.31903.59
MinimumVisualStudioVersion = 10.0.40219.1
Project("{2150E333-8FDC-42A3-9474-1A3956D46DE8}") = "src", "src", "{827E0CD3-B72D-47B6-A68D-7590B98EB39B}"
EndProject
Project("{FAE04EC0-301F-11D3-BF4B-00C04F79EFBC}") = "DraftSpec", "src\DraftSpec\DraftSpec.csproj", "{C2EC253B-EBCB-402A-B920-357DC16DF69C}"
EndProject
Project("{2150E333-8FDC-42A3-9474-1A3956D46DE8}") = "tests", "tests", "{0AB3BF05-4346-4AA6-1389-037BE0695223}"
EndProject
Project("{FAE04EC0-301F-11D3-BF4B-00C04F79EFBC}") = "DraftSpec.Tests", "tests\DraftSpec.Tests\DraftSpec.Tests.csproj", "{3E89C68E-9DE1-4F9B-A073-1C7FA1B7A8A2}"
EndProject
Project("{FAE04EC0-301F-11D3-BF4B-00C04F79EFBC}") = "DraftSpec.Cli", "src\DraftSpec.Cli\DraftSpec.Cli.csproj", "{2247EBD5-0C3B-4E95-AF84-E5C91E2FFD27}"
EndProject
Project("{FAE04EC0-301F-11D3-BF4B-00C04F79EFBC}") = "DraftSpec.Formatters.Abstractions", "src\DraftSpec.Formatters.Abstractions\DraftSpec.Formatters.Abstractions.csproj", "{A970A72D-A3BF-451E-AC3A-ABE078BA07D8}"
EndProject
Project("{FAE04EC0-301F-11D3-BF4B-00C04F79EFBC}") = "DraftSpec.Formatters.Markdown", "src\DraftSpec.Formatters.Markdown\DraftSpec.Formatters.Markdown.csproj", "{9BC9497D-EE20-4898-B920-19D3A1ACB219}"
EndProject
Project("{FAE04EC0-301F-11D3-BF4B-00C04F79EFBC}") = "DraftSpec.Formatters.Html", "src\DraftSpec.Formatters.Html\DraftSpec.Formatters.Html.csproj", "{94A996F3-86A1-487F-B5E2-265E135555C1}"
EndProject
Project("{FAE04EC0-301F-11D3-BF4B-00C04F79EFBC}") = "DraftSpec.Formatters.Console", "src\DraftSpec.Formatters.Console\DraftSpec.Formatters.Console.csproj", "{AB697E78-411D-4638-8F9C-1CF2A0EB9F4C}"
EndProject
Project("{2150E333-8FDC-42A3-9474-1A3956D46DE8}") = "benchmarks", "benchmarks", "{66320409-64EC-F7C5-3DEF-65E7510DAAD1}"
EndProject
Project("{FAE04EC0-301F-11D3-BF4B-00C04F79EFBC}") = "DraftSpec.Benchmarks", "benchmarks\DraftSpec.Benchmarks\DraftSpec.Benchmarks.csproj", "{6B436717-1F2A-4940-878C-F521C7535AE6}"
EndProject
Global
	GlobalSection(SolutionConfigurationPlatforms) = preSolution
		Debug|Any CPU = Debug|Any CPU
		Debug|x64 = Debug|x64
		Debug|x86 = Debug|x86
		Release|Any CPU = Release|Any CPU
		Release|x64 = Release|x64
		Release|x86 = Release|x86
	EndGlobalSection
	GlobalSection(ProjectConfigurationPlatforms) = postSolution
		{C2EC253B-EBCB-402A-B920-357DC16DF69C}.Debug|Any CPU.ActiveCfg = Debug|Any CPU
		{C2EC253B-EBCB-402A-B920-357DC16DF69C}.Debug|Any CPU.Build.0 = Debug|Any CPU
		{C2EC253B-EBCB-402A-B920-357DC16DF69C}.Debug|x64.ActiveCfg = Debug|Any CPU
		{C2EC253B-EBCB-402A-B920-357DC16DF69C}.Debug|x64.Build.0 = Debug|Any CPU
		{C2EC253B-EBCB-402A-B920-357DC16DF69C}.Debug|x86.ActiveCfg = Debug|Any CPU
		{C2EC253B-EBCB-402A-B920-357DC16DF69C}.Debug|x86.Build.0 = Debug|Any CPU
		{C2EC253B-EBCB-402A-B920-357DC16DF69C}.Release|Any CPU.ActiveCfg = Release|Any CPU
		{C2EC253B-EBCB-402A-B920-357DC16DF69C}.Release|Any CPU.Build.0 = Release|Any CPU
		{C2EC253B-EBCB-402A-B920-357DC16DF69C}.Release|x64.ActiveCfg = Release|Any CPU
		{C2EC253B-EBCB-402A-B920-357DC16DF69C}.Release|x64.Build.0 = Release|Any CPU
		{C2EC253B-EBCB-402A-B920-357DC16DF69C}.Release|x86.ActiveCfg = Release|Any CPU
		{C2EC253B-EBCB-402A-B920-357DC16DF69C}.Release|x86.Build.0 = Release|Any CPU
		{3E89C68E-9DE1-4F9B-A073-1C7FA1B7A8A2}.Debug|Any CPU.ActiveCfg = Debug|Any CPU
		{3E89C68E-9DE1-4F9B-A073-1C7FA1B7A8A2}.Debug|Any CPU.Build.0 = Debug|Any CPU
		{3E89C68E-9DE1-4F9B-A073-1C7FA1B7A8A2}.Debug|x64.ActiveCfg = Debug|Any CPU
		{3E89C68E-9DE1-4F9B-A073-1C7FA1B7A8A2}.Debug|x64.Build.0 = Debug|Any CPU
		{3E89C68E-9DE1-4F9B-A073-1C7FA1B7A8A2}.Debug|x86.ActiveCfg = Debug|Any CPU
		{3E89C68E-9DE1-4F9B-A073-1C7FA1B7A8A2}.Debug|x86.Build.0 = Debug|Any CPU
		{3E89C68E-9DE1-4F9B-A073-1C7FA1B7A8A2}.Release|Any CPU.ActiveCfg = Release|Any CPU
		{3E89C68E-9DE1-4F9B-A073-1C7FA1B7A8A2}.Release|Any CPU.Build.0 = Release|Any CPU
		{3E89C68E-9DE1-4F9B-A073-1C7FA1B7A8A2}.Release|x64.ActiveCfg = Release|Any CPU
		{3E89C68E-9DE1-4F9B-A073-1C7FA1B7A8A2}.Release|x64.Build.0 = Release|Any CPU
		{3E89C68E-9DE1-4F9B-A073-1C7FA1B7A8A2}.Release|x86.ActiveCfg = Release|Any CPU
		{3E89C68E-9DE1-4F9B-A073-1C7FA1B7A8A2}.Release|x86.Build.0 = Release|Any CPU
		{2247EBD5-0C3B-4E95-AF84-E5C91E2FFD27}.Debug|Any CPU.ActiveCfg = Debug|Any CPU
		{2247EBD5-0C3B-4E95-AF84-E5C91E2FFD27}.Debug|Any CPU.Build.0 = Debug|Any CPU
		{2247EBD5-0C3B-4E95-AF84-E5C91E2FFD27}.Debug|x64.ActiveCfg = Debug|Any CPU
		{2247EBD5-0C3B-4E95-AF84-E5C91E2FFD27}.Debug|x64.Build.0 = Debug|Any CPU
		{2247EBD5-0C3B-4E95-AF84-E5C91E2FFD27}.Debug|x86.ActiveCfg = Debug|Any CPU
		{2247EBD5-0C3B-4E95-AF84-E5C91E2FFD27}.Debug|x86.Build.0 = Debug|Any CPU
		{2247EBD5-0C3B-4E95-AF84-E5C91E2FFD27}.Release|Any CPU.ActiveCfg = Release|Any CPU
		{2247EBD5-0C3B-4E95-AF84-E5C91E2FFD27}.Release|Any CPU.Build.0 = Release|Any CPU
		{2247EBD5-0C3B-4E95-AF84-E5C91E2FFD27}.Release|x64.ActiveCfg = Release|Any CPU
		{2247EBD5-0C3B-4E95-AF84-E5C91E2FFD27}.Release|x64.Build.0 = Release|Any CPU
		{2247EBD5-0C3B-4E95-AF84-E5C91E2FFD27}.Release|x86.ActiveCfg = Release|Any CPU
		{2247EBD5-0C3B-4E95-AF84-E5C91E2FFD27}.Release|x86.Build.0 = Release|Any CPU
		{A970A72D-A3BF-451E-AC3A-ABE078BA07D8}.Debug|Any CPU.ActiveCfg = Debug|Any CPU
		{A970A72D-A3BF-451E-AC3A-ABE078BA07D8}.Debug|Any CPU.Build.0 = Debug|Any CPU
		{A970A72D-A3BF-451E-AC3A-ABE078BA07D8}.Debug|x64.ActiveCfg = Debug|Any CPU
		{A970A72D-A3BF-451E-AC3A-ABE078BA07D8}.Debug|x64.Build.0 = Debug|Any CPU
		{A970A72D-A3BF-451E-AC3A-ABE078BA07D8}.Debug|x86.ActiveCfg = Debug|Any CPU
		{A970A72D-A3BF-451E-AC3A-ABE078BA07D8}.Debug|x86.Build.0 = Debug|Any CPU
		{A970A72D-A3BF-451E-AC3A-ABE078BA07D8}.Release|Any CPU.ActiveCfg = Release|Any CPU
		{A970A72D-A3BF-451E-AC3A-ABE078BA07D8}.Release|Any CPU.Build.0 = Release|Any CPU
		{A970A72D-A3BF-451E-AC3A-ABE078BA07D8}.Release|x64.ActiveCfg = Release|Any CPU
		{A970A72D-A3BF-451E-AC3A-ABE078BA07D8}.Release|x64.Build.0 = Release|Any CPU
		{A970A72D-A3BF-451E-AC3A-ABE078BA07D8}.Release|x86.ActiveCfg = Release|Any CPU
		{A970A72D-A3BF-451E-AC3A-ABE078BA07D8}.Release|x86.Build.0 = Release|Any CPU
		{9BC9497D-EE20-4898-B920-19D3A1ACB219}.Debug|Any CPU.ActiveCfg = Debug|Any CPU
		{9BC9497D-EE20-4898-B920-19D3A1ACB219}.Debug|Any CPU.Build.0 = Debug|Any CPU
		{9BC9497D-EE20-4898-B920-19D3A1ACB219}.Debug|x64.ActiveCfg = Debug|Any CPU
		{9BC9497D-EE20-4898-B920-19D3A1ACB219}.Debug|x64.Build.0 = Debug|Any CPU
		{9BC9497D-EE20-4898-B920-19D3A1ACB219}.Debug|x86.ActiveCfg = Debug|Any CPU
		{9BC9497D-EE20-4898-B920-19D3A1ACB219}.Debug|x86.Build.0 = Debug|Any CPU
		{9BC9497D-EE20-4898-B920-19D3A1ACB219}.Release|Any CPU.ActiveCfg = Release|Any CPU
		{9BC9497D-EE20-4898-B920-19D3A1ACB219}.Release|Any CPU.Build.0 = Release|Any CPU
		{9BC9497D-EE20-4898-B920-19D3A1ACB219}.Release|x64.ActiveCfg = Release|Any CPU
		{9BC9497D-EE20-4898-B920-19D3A1ACB219}.Release|x64.Build.0 = Release|Any CPU
		{9BC9497D-EE20-4898-B920-19D3A1ACB219}.Release|x86.ActiveCfg = Release|Any CPU
		{9BC9497D-EE20-4898-B920-19D3A1ACB219}.Release|x86.Build.0 = Release|Any CPU
		{94A996F3-86A1-487F-B5E2-265E135555C1}.Debug|Any CPU.ActiveCfg = Debug|Any CPU
		{94A996F3-86A1-487F-B5E2-265E135555C1}.Debug|Any CPU.Build.0 = Debug|Any CPU
		{94A996F3-86A1-487F-B5E2-265E135555C1}.Debug|x64.ActiveCfg = Debug|Any CPU
		{94A996F3-86A1-487F-B5E2-265E135555C1}.Debug|x64.Build.0 = Debug|Any CPU
		{94A996F3-86A1-487F-B5E2-265E135555C1}.Debug|x86.ActiveCfg = Debug|Any CPU
		{94A996F3-86A1-487F-B5E2-265E135555C1}.Debug|x86.Build.0 = Debug|Any CPU
		{94A996F3-86A1-487F-B5E2-265E135555C1}.Release|Any CPU.ActiveCfg = Release|Any CPU
		{94A996F3-86A1-487F-B5E2-265E135555C1}.Release|Any CPU.Build.0 = Release|Any CPU
		{94A996F3-86A1-487F-B5E2-265E135555C1}.Release|x64.ActiveCfg = Release|Any CPU
		{94A996F3-86A1-487F-B5E2-265E135555C1}.Release|x64.Build.0 = Release|Any CPU
		{94A996F3-86A1-487F-B5E2-265E135555C1}.Release|x86.ActiveCfg = Release|Any CPU
		{94A996F3-86A1-487F-B5E2-265E135555C1}.Release|x86.Build.0 = Release|Any CPU
		{AB697E78-411D-4638-8F9C-1CF2A0EB9F4C}.Debug|Any CPU.ActiveCfg = Debug|Any CPU
		{AB697E78-411D-4638-8F9C-1CF2A0EB9F4C}.Debug|Any CPU.Build.0 = Debug|Any CPU
		{AB697E78-411D-4638-8F9C-1CF2A0EB9F4C}.Debug|x64.ActiveCfg = Debug|Any CPU
		{AB697E78-411D-4638-8F9C-1CF2A0EB9F4C}.Debug|x64.Build.0 = Debug|Any CPU
		{AB697E78-411D-4638-8F9C-1CF2A0EB9F4C}.Debug|x86.ActiveCfg = Debug|Any CPU
		{AB697E78-411D-4638-8F9C-1CF2A0EB9F4C}.Debug|x86.Build.0 = Debug|Any CPU
		{AB697E78-411D-4638-8F9C-1CF2A0EB9F4C}.Release|Any CPU.ActiveCfg = Release|Any CPU
		{AB697E78-411D-4638-8F9C-1CF2A0EB9F4C}.Release|Any CPU.Build.0 = Release|Any CPU
		{AB697E78-411D-4638-8F9C-1CF2A0EB9F4C}.Release|x64.ActiveCfg = Release|Any CPU
		{AB697E78-411D-4638-8F9C-1CF2A0EB9F4C}.Release|x64.Build.0 = Release|Any CPU
		{AB697E78-411D-4638-8F9C-1CF2A0EB9F4C}.Release|x86.ActiveCfg = Release|Any CPU
		{AB697E78-411D-4638-8F9C-1CF2A0EB9F4C}.Release|x86.Build.0 = Release|Any CPU
		{6B436717-1F2A-4940-878C-F521C7535AE6}.Debug|Any CPU.ActiveCfg = Debug|Any CPU
		{6B436717-1F2A-4940-878C-F521C7535AE6}.Debug|Any CPU.Build.0 = Debug|Any CPU
		{6B436717-1F2A-4940-878C-F521C7535AE6}.Debug|x64.ActiveCfg = Debug|Any CPU
		{6B436717-1F2A-4940-878C-F521C7535AE6}.Debug|x64.Build.0 = Debug|Any CPU
		{6B436717-1F2A-4940-878C-F521C7535AE6}.Debug|x86.ActiveCfg = Debug|Any CPU
		{6B436717-1F2A-4940-878C-F521C7535AE6}.Debug|x86.Build.0 = Debug|Any CPU
		{6B436717-1F2A-4940-878C-F521C7535AE6}.Release|Any CPU.ActiveCfg = Release|Any CPU
		{6B436717-1F2A-4940-878C-F521C7535AE6}.Release|Any CPU.Build.0 = Release|Any CPU
		{6B436717-1F2A-4940-878C-F521C7535AE6}.Release|x64.ActiveCfg = Release|Any CPU
		{6B436717-1F2A-4940-878C-F521C7535AE6}.Release|x64.Build.0 = Release|Any CPU
		{6B436717-1F2A-4940-878C-F521C7535AE6}.Release|x86.ActiveCfg = Release|Any CPU
		{6B436717-1F2A-4940-878C-F521C7535AE6}.Release|x86.Build.0 = Release|Any CPU
	EndGlobalSection
	GlobalSection(SolutionProperties) = preSolution
		HideSolutionNode = FALSE
	EndGlobalSection
	GlobalSection(NestedProjects) = preSolution
		{C2EC253B-EBCB-402A-B920-357DC16DF69C} = {827E0CD3-B72D-47B6-A68D-7590B98EB39B}
		{3E89C68E-9DE1-4F9B-A073-1C7FA1B7A8A2} = {0AB3BF05-4346-4AA6-1389-037BE0695223}
		{2247EBD5-0C3B-4E95-AF84-E5C91E2FFD27} = {827E0CD3-B72D-47B6-A68D-7590B98EB39B}
		{A970A72D-A3BF-451E-AC3A-ABE078BA07D8} = {827E0CD3-B72D-47B6-A68D-7590B98EB39B}
		{9BC9497D-EE20-4898-B920-19D3A1ACB219} = {827E0CD3-B72D-47B6-A68D-7590B98EB39B}
		{94A996F3-86A1-487F-B5E2-265E135555C1} = {827E0CD3-B72D-47B6-A68D-7590B98EB39B}
		{AB697E78-411D-4638-8F9C-1CF2A0EB9F4C} = {827E0CD3-B72D-47B6-A68D-7590B98EB39B}
		{6B436717-1F2A-4940-878C-F521C7535AE6} = {66320409-64EC-F7C5-3DEF-65E7510DAAD1}
	EndGlobalSection
EndGlobal
