{
  "version": 2,
  "dependencies": {
    "net10.0": {
      "Meziantou.Analyzer": {
        "type": "Direct",
        "requested": "[3.0.109, )",
        "resolved": "3.0.109",
        "contentHash": "xbI7aijl022p02G1YXuqTSbxqLfgJa9nU6ju5tiHRm0jYsCjPDEvp9AoLl1UbaaRC9ZsCpZfGt50ALcEmTe0vQ=="
      },
      "MinVer": {
        "type": "Direct",
        "requested": "[6.*, )",
        "resolved": "6.1.0",
        "contentHash": "dGyb6EBQ87AhyagcXslfDGL/A+xbNtRD23CBjXoKo82TvjHqF2BBz61B6EBx/S117KUMB1PEUpRLrHcu6UjOhg=="
      },
      "Roslynator.Analyzers": {
        "type": "Direct",
        "requested": "[4.15.0, )",
        "resolved": "4.15.0",
        "contentHash": "E8fu71Y+vzhniJKy1K13Rzwm8Vjcj7CDFBpflqncKUZfc3SzuF0kMBiyMmgXNPkjWTdE3Z+30HlGgYjHONZY/Q=="
      },
      "draftspec.formatters.abstractions": {
        "type": "Project"
      }
    }
  }
}